// !$*UTF8*$!
{
	archiveVersion = 1;
	classes = {
	};
	objectVersion = 50;
	objects = {

/* Begin PBXBuildFile section */
		3049737F2524556B0050EF27 /* AppDelegate.swift in Sources */ = {isa = PBXBuildFile; fileRef = 3049737E2524556B0050EF27 /* AppDelegate.swift */; };
		304973812524556B0050EF27 /* SceneDelegate.swift in Sources */ = {isa = PBXBuildFile; fileRef = 304973802524556B0050EF27 /* SceneDelegate.swift */; };
		304973832524556B0050EF27 /* ContentView.swift in Sources */ = {isa = PBXBuildFile; fileRef = 304973822524556B0050EF27 /* ContentView.swift */; };
		304973852524556E0050EF27 /* Assets.xcassets in Resources */ = {isa = PBXBuildFile; fileRef = 304973842524556E0050EF27 /* Assets.xcassets */; };
		304973882524556E0050EF27 /* Preview Assets.xcassets in Resources */ = {isa = PBXBuildFile; fileRef = 304973872524556E0050EF27 /* Preview Assets.xcassets */; };
		3049738B2524556E0050EF27 /* LaunchScreen.storyboard in Resources */ = {isa = PBXBuildFile; fileRef = 304973892524556E0050EF27 /* LaunchScreen.storyboard */; };
		3049739325245EF10050EF27 /* BlurEffect.swift in Sources */ = {isa = PBXBuildFile; fileRef = 3049739225245EF10050EF27 /* BlurEffect.swift */; };
		30BAECFF25257CA6001D2448 /* PlayerView.swift in Sources */ = {isa = PBXBuildFile; fileRef = 30BAECFE25257CA6001D2448 /* PlayerView.swift */; };
		30C71B742526D86800C29CA2 /* GoogleService-Info.plist in Resources */ = {isa = PBXBuildFile; fileRef = 30C71B732526D86800C29CA2 /* GoogleService-Info.plist */; };
		879FCD84105110D57CE4C3D6 /* Pods_Music_App.framework in Frameworks */ = {isa = PBXBuildFile; fileRef = 58FC84C6A1E9E778F5414452 /* Pods_Music_App.framework */; };
/* End PBXBuildFile section */

/* Begin PBXFileReference section */
		2ACF63B9BFF1F56D310F0A08 /* Pods-Music App.release.xcconfig */ = {isa = PBXFileReference; includeInIndex = 1; lastKnownFileType = text.xcconfig; name = "Pods-Music App.release.xcconfig"; path = "Target Support Files/Pods-Music App/Pods-Music App.release.xcconfig"; sourceTree = "<group>"; };
		3049737B2524556B0050EF27 /* Music App.app */ = {isa = PBXFileReference; explicitFileType = wrapper.application; includeInIndex = 0; path = "Music App.app"; sourceTree = BUILT_PRODUCTS_DIR; };
		3049737E2524556B0050EF27 /* AppDelegate.swift */ = {isa = PBXFileReference; lastKnownFileType = sourcecode.swift; path = AppDelegate.swift; sourceTree = "<group>"; };
		304973802524556B0050EF27 /* SceneDelegate.swift */ = {isa = PBXFileReference; lastKnownFileType = sourcecode.swift; path = SceneDelegate.swift; sourceTree = "<group>"; };
		304973822524556B0050EF27 /* ContentView.swift */ = {isa = PBXFileReference; lastKnownFileType = sourcecode.swift; path = ContentView.swift; sourceTree = "<group>"; };
		304973842524556E0050EF27 /* Assets.xcassets */ = {isa = PBXFileReference; lastKnownFileType = folder.assetcatalog; path = Assets.xcassets; sourceTree = "<group>"; };
		304973872524556E0050EF27 /* Preview Assets.xcassets */ = {isa = PBXFileReference; lastKnownFileType = folder.assetcatalog; path = "Preview Assets.xcassets"; sourceTree = "<group>"; };
		3049738A2524556E0050EF27 /* Base */ = {isa = PBXFileReference; lastKnownFileType = file.storyboard; name = Base; path = Base.lproj/LaunchScreen.storyboard; sourceTree = "<group>"; };
		3049738C2524556E0050EF27 /* Info.plist */ = {isa = PBXFileReference; lastKnownFileType = text.plist.xml; path = Info.plist; sourceTree = "<group>"; };
		3049739225245EF10050EF27 /* BlurEffect.swift */ = {isa = PBXFileReference; lastKnownFileType = sourcecode.swift; path = BlurEffect.swift; sourceTree = "<group>"; };
		30BAECFE25257CA6001D2448 /* PlayerView.swift */ = {isa = PBXFileReference; lastKnownFileType = sourcecode.swift; path = PlayerView.swift; sourceTree = "<group>"; };
		30C71B732526D86800C29CA2 /* GoogleService-Info.plist */ = {isa = PBXFileReference; fileEncoding = 4; lastKnownFileType = text.plist.xml; path = "GoogleService-Info.plist"; sourceTree = "<group>"; };
		58FC84C6A1E9E778F5414452 /* Pods_Music_App.framework */ = {isa = PBXFileReference; explicitFileType = wrapper.framework; includeInIndex = 0; path = Pods_Music_App.framework; sourceTree = BUILT_PRODUCTS_DIR; };
		CE6982EADE56D65100BEE98D /* Pods-Music App.debug.xcconfig */ = {isa = PBXFileReference; includeInIndex = 1; lastKnownFileType = text.xcconfig; name = "Pods-Music App.debug.xcconfig"; path = "Target Support Files/Pods-Music App/Pods-Music App.debug.xcconfig"; sourceTree = "<group>"; };
/* End PBXFileReference section */

/* Begin PBXFrameworksBuildPhase section */
		304973782524556B0050EF27 /* Frameworks */ = {
			isa = PBXFrameworksBuildPhase;
			buildActionMask = 2147483647;
			files = (
				879FCD84105110D57CE4C3D6 /* Pods_Music_App.framework in Frameworks */,
			);
			runOnlyForDeploymentPostprocessing = 0;
		};
/* End PBXFrameworksBuildPhase section */

/* Begin PBXGroup section */
		02A53BB3C2E93C535D85709A /* Pods */ = {
			isa = PBXGroup;
			children = (
				CE6982EADE56D65100BEE98D /* Pods-Music App.debug.xcconfig */,
				2ACF63B9BFF1F56D310F0A08 /* Pods-Music App.release.xcconfig */,
			);
			name = Pods;
			path = Pods;
			sourceTree = "<group>";
		};
		304973722524556B0050EF27 = {
			isa = PBXGroup;
			children = (
				3049737D2524556B0050EF27 /* Music App */,
				3049737C2524556B0050EF27 /* Products */,
				02A53BB3C2E93C535D85709A /* Pods */,
				BD2B8A5E7C56228784EDFDAD /* Frameworks */,
			);
			sourceTree = "<group>";
		};
		3049737C2524556B0050EF27 /* Products */ = {
			isa = PBXGroup;
			children = (
				3049737B2524556B0050EF27 /* Music App.app */,
			);
			name = Products;
			sourceTree = "<group>";
		};
		3049737D2524556B0050EF27 /* Music App */ = {
			isa = PBXGroup;
			children = (
				3049737E2524556B0050EF27 /* AppDelegate.swift */,
				304973802524556B0050EF27 /* SceneDelegate.swift */,
				304973822524556B0050EF27 /* ContentView.swift */,
				30BAECFE25257CA6001D2448 /* PlayerView.swift */,
				3049739225245EF10050EF27 /* BlurEffect.swift */,
				30C71B732526D86800C29CA2 /* GoogleService-Info.plist */,
				304973842524556E0050EF27 /* Assets.xcassets */,
				304973892524556E0050EF27 /* LaunchScreen.storyboard */,
				3049738C2524556E0050EF27 /* Info.plist */,
				304973862524556E0050EF27 /* Preview Content */,
			);
			path = "Music App";
			sourceTree = "<group>";
		};
		304973862524556E0050EF27 /* Preview Content */ = {
			isa = PBXGroup;
			children = (
				304973872524556E0050EF27 /* Preview Assets.xcassets */,
			);
			path = "Preview Content";
			sourceTree = "<group>";
		};
		BD2B8A5E7C56228784EDFDAD /* Frameworks */ = {
			isa = PBXGroup;
			children = (
				58FC84C6A1E9E778F5414452 /* Pods_Music_App.framework */,
			);
			name = Frameworks;
			sourceTree = "<group>";
		};
/* End PBXGroup section */

/* Begin PBXNativeTarget section */
		3049737A2524556B0050EF27 /* Music App */ = {
			isa = PBXNativeTarget;
			buildConfigurationList = 3049738F2524556E0050EF27 /* Build configuration list for PBXNativeTarget "Music App" */;
			buildPhases = (
				31C4DDFCCBB8FFFB4151BA42 /* [CP] Check Pods Manifest.lock */,
				304973772524556B0050EF27 /* Sources */,
				304973782524556B0050EF27 /* Frameworks */,
				304973792524556B0050EF27 /* Resources */,
				CC8924C0D1976FF2477B38CA /* [CP] Embed Pods Frameworks */,
			);
			buildRules = (
			);
			dependencies = (
			);
			name = "Music App";
			productName = "Music App";
			productReference = 3049737B2524556B0050EF27 /* Music App.app */;
			productType = "com.apple.product-type.application";
		};
/* End PBXNativeTarget section */

/* Begin PBXProject section */
		304973732524556B0050EF27 /* Project object */ = {
			isa = PBXProject;
			attributes = {
				LastSwiftUpdateCheck = 1110;
				LastUpgradeCheck = 1110;
				ORGANIZATIONNAME = Abe10;
				TargetAttributes = {
					3049737A2524556B0050EF27 = {
						CreatedOnToolsVersion = 11.1;
					};
				};
			};
			buildConfigurationList = 304973762524556B0050EF27 /* Build configuration list for PBXProject "Music App" */;
			compatibilityVersion = "Xcode 9.3";
			developmentRegion = en;
			hasScannedForEncodings = 0;
			knownRegions = (
				en,
				Base,
			);
			mainGroup = 304973722524556B0050EF27;
			productRefGroup = 3049737C2524556B0050EF27 /* Products */;
			projectDirPath = "";
			projectRoot = "";
			targets = (
				3049737A2524556B0050EF27 /* Music App */,
			);
		};
/* End PBXProject section */

/* Begin PBXResourcesBuildPhase section */
		304973792524556B0050EF27 /* Resources */ = {
			isa = PBXResourcesBuildPhase;
			buildActionMask = 2147483647;
			files = (
				3049738B2524556E0050EF27 /* LaunchScreen.storyboard in Resources */,
				30C71B742526D86800C29CA2 /* GoogleService-Info.plist in Resources */,
				304973882524556E0050EF27 /* Preview Assets.xcassets in Resources */,
				304973852524556E0050EF27 /* Assets.xcassets in Resources */,
			);
			runOnlyForDeploymentPostprocessing = 0;
		};
/* End PBXResourcesBuildPhase section */

/* Begin PBXShellScriptBuildPhase section */
		31C4DDFCCBB8FFFB4151BA42 /* [CP] Check Pods Manifest.lock */ = {
			isa = PBXShellScriptBuildPhase;
			buildActionMask = 2147483647;
			files = (
			);
			inputFileListPaths = (
			);
			inputPaths = (
				"${PODS_PODFILE_DIR_PATH}/Podfile.lock",
				"${PODS_ROOT}/Manifest.lock",
			);
			name = "[CP] Check Pods Manifest.lock";
			outputFileListPaths = (
			);
			outputPaths = (
				"$(DERIVED_FILE_DIR)/Pods-Music App-checkManifestLockResult.txt",
			);
			runOnlyForDeploymentPostprocessing = 0;
			shellPath = /bin/sh;
			shellScript = "diff \"${PODS_PODFILE_DIR_PATH}/Podfile.lock\" \"${PODS_ROOT}/Manifest.lock\" > /dev/null\nif [ $? != 0 ] ; then\n    # print error to STDERR\n    echo \"error: The sandbox is not in sync with the Podfile.lock. Run 'pod install' or update your CocoaPods installation.\" >&2\n    exit 1\nfi\n# This output is used by Xcode 'outputs' to avoid re-running this script phase.\necho \"SUCCESS\" > \"${SCRIPT_OUTPUT_FILE_0}\"\n";
			showEnvVarsInLog = 0;
		};
		CC8924C0D1976FF2477B38CA /* [CP] Embed Pods Frameworks */ = {
			isa = PBXShellScriptBuildPhase;
			buildActionMask = 2147483647;
			files = (
			);
			inputFileListPaths = (
				"${PODS_ROOT}/Target Support Files/Pods-Music App/Pods-Music App-frameworks-${CONFIGURATION}-input-files.xcfilelist",
			);
			name = "[CP] Embed Pods Frameworks";
			outputFileListPaths = (
				"${PODS_ROOT}/Target Support Files/Pods-Music App/Pods-Music App-frameworks-${CONFIGURATION}-output-files.xcfilelist",
			);
			runOnlyForDeploymentPostprocessing = 0;
			shellPath = /bin/sh;
			shellScript = "\"${PODS_ROOT}/Target Support Files/Pods-Music App/Pods-Music App-frameworks.sh\"\n";
			showEnvVarsInLog = 0;
		};
/* End PBXShellScriptBuildPhase section */

/* Begin PBXSourcesBuildPhase section */
		304973772524556B0050EF27 /* Sources */ = {
			isa = PBXSourcesBuildPhase;
			buildActionMask = 2147483647;
			files = (
				3049737F2524556B0050EF27 /* AppDelegate.swift in Sources */,
				3049739325245EF10050EF27 /* BlurEffect.swift in Sources */,
				304973812524556B0050EF27 /* SceneDelegate.swift in Sources */,
				30BAECFF25257CA6001D2448 /* PlayerView.swift in Sources */,
				304973832524556B0050EF27 /* ContentView.swift in Sources */,
			);
			runOnlyForDeploymentPostprocessing = 0;
		};
/* End PBXSourcesBuildPhase section */

/* Begin PBXVariantGroup section */
		304973892524556E0050EF27 /* LaunchScreen.storyboard */ = {
			isa = PBXVariantGroup;
			children = (
				3049738A2524556E0050EF27 /* Base */,
			);
			name = LaunchScreen.storyboard;
			sourceTree = "<group>";
		};
/* End PBXVariantGroup section */

/* Begin XCBuildConfiguration section */
		3049738D2524556E0050EF27 /* Debug */ = {
			isa = XCBuildConfiguration;
			buildSettings = {
				ALWAYS_SEARCH_USER_PATHS = NO;
				CLANG_ANALYZER_NONNULL = YES;
				CLANG_ANALYZER_NUMBER_OBJECT_CONVERSION = YES_AGGRESSIVE;
				CLANG_CXX_LANGUAGE_STANDARD = "gnu++14";
				CLANG_CXX_LIBRARY = "libc++";
				CLANG_ENABLE_MODULES = YES;
				CLANG_ENABLE_OBJC_ARC = YES;
				CLANG_ENABLE_OBJC_WEAK = YES;
				CLANG_WARN_BLOCK_CAPTURE_AUTORELEASING = YES;
				CLANG_WARN_BOOL_CONVERSION = YES;
				CLANG_WARN_COMMA = YES;
				CLANG_WARN_CONSTANT_CONVERSION = YES;
				CLANG_WARN_DEPRECATED_OBJC_IMPLEMENTATIONS = YES;
				CLANG_WARN_DIRECT_OBJC_ISA_USAGE = YES_ERROR;
				CLANG_WARN_DOCUMENTATION_COMMENTS = YES;
				CLANG_WARN_EMPTY_BODY = YES;
				CLANG_WARN_ENUM_CONVERSION = YES;
				CLANG_WARN_INFINITE_RECURSION = YES;
				CLANG_WARN_INT_CONVERSION = YES;
				CLANG_WARN_NON_LITERAL_NULL_CONVERSION = YES;
				CLANG_WARN_OBJC_IMPLICIT_RETAIN_SELF = YES;
				CLANG_WARN_OBJC_LITERAL_CONVERSION = YES;
				CLANG_WARN_OBJC_ROOT_CLASS = YES_ERROR;
				CLANG_WARN_RANGE_LOOP_ANALYSIS = YES;
				CLANG_WARN_STRICT_PROTOTYPES = YES;
				CLANG_WARN_SUSPICIOUS_MOVE = YES;
				CLANG_WARN_UNGUARDED_AVAILABILITY = YES_AGGRESSIVE;
				CLANG_WARN_UNREACHABLE_CODE = YES;
				CLANG_WARN__DUPLICATE_METHOD_MATCH = YES;
				COPY_PHASE_STRIP = NO;
				DEBUG_INFORMATION_FORMAT = dwarf;
				ENABLE_STRICT_OBJC_MSGSEND = YES;
				ENABLE_TESTABILITY = YES;
				GCC_C_LANGUAGE_STANDARD = gnu11;
				GCC_DYNAMIC_NO_PIC = NO;
				GCC_NO_COMMON_BLOCKS = YES;
				GCC_OPTIMIZATION_LEVEL = 0;
				GCC_PREPROCESSOR_DEFINITIONS = (
					"DEBUG=1",
					"$(inherited)",
				);
				GCC_WARN_64_TO_32_BIT_CONVERSION = YES;
				GCC_WARN_ABOUT_RETURN_TYPE = YES_ERROR;
				GCC_WARN_UNDECLARED_SELECTOR = YES;
				GCC_WARN_UNINITIALIZED_AUTOS = YES_AGGRESSIVE;
				GCC_WARN_UNUSED_FUNCTION = YES;
				GCC_WARN_UNUSED_VARIABLE = YES;
				IPHONEOS_DEPLOYMENT_TARGET = 13.1;
				MTL_ENABLE_DEBUG_INFO = INCLUDE_SOURCE;
				MTL_FAST_MATH = YES;
				ONLY_ACTIVE_ARCH = YES;
				SDKROOT = iphoneos;
				SWIFT_ACTIVE_COMPILATION_CONDITIONS = DEBUG;
				SWIFT_OPTIMIZATION_LEVEL = "-Onone";
			};
			name = Debug;
		};
		3049738E2524556E0050EF27 /* Release */ = {
			isa = XCBuildConfiguration;
			buildSettings = {
				ALWAYS_SEARCH_USER_PATHS = NO;
				CLANG_ANALYZER_NONNULL = YES;
				CLANG_ANALYZER_NUMBER_OBJECT_CONVERSION = YES_AGGRESSIVE;
				CLANG_CXX_LANGUAGE_STANDARD = "gnu++14";
				CLANG_CXX_LIBRARY = "libc++";
				CLANG_ENABLE_MODULES = YES;
				CLANG_ENABLE_OBJC_ARC = YES;
				CLANG_ENABLE_OBJC_WEAK = YES;
				CLANG_WARN_BLOCK_CAPTURE_AUTORELEASING = YES;
				CLANG_WARN_BOOL_CONVERSION = YES;
				CLANG_WARN_COMMA = YES;
				CLANG_WARN_CONSTANT_CONVERSION = YES;
				CLANG_WARN_DEPRECATED_OBJC_IMPLEMENTATIONS = YES;
				CLANG_WARN_DIRECT_OBJC_ISA_USAGE = YES_ERROR;
				CLANG_WARN_DOCUMENTATION_COMMENTS = YES;
				CLANG_WARN_EMPTY_BODY = YES;
				CLANG_WARN_ENUM_CONVERSION = YES;
				CLANG_WARN_INFINITE_RECURSION = YES;
				CLANG_WARN_INT_CONVERSION = YES;
				CLANG_WARN_NON_LITERAL_NULL_CONVERSION = YES;
				CLANG_WARN_OBJC_IMPLICIT_RETAIN_SELF = YES;
				CLANG_WARN_OBJC_LITERAL_CONVERSION = YES;
				CLANG_WARN_OBJC_ROOT_CLASS = YES_ERROR;
				CLANG_WARN_RANGE_LOOP_ANALYSIS = YES;
				CLANG_WARN_STRICT_PROTOTYPES = YES;
				CLANG_WARN_SUSPICIOUS_MOVE = YES;
				CLANG_WARN_UNGUARDED_AVAILABILITY = YES_AGGRESSIVE;
				CLANG_WARN_UNREACHABLE_CODE = YES;
				CLANG_WARN__DUPLICATE_METHOD_MATCH = YES;
				COPY_PHASE_STRIP = NO;
				DEBUG_INFORMATION_FORMAT = "dwarf-with-dsym";
				ENABLE_NS_ASSERTIONS = NO;
				ENABLE_STRICT_OBJC_MSGSEND = YES;
				GCC_C_LANGUAGE_STANDARD = gnu11;
				GCC_NO_COMMON_BLOCKS = YES;
				GCC_WARN_64_TO_32_BIT_CONVERSION = YES;
				GCC_WARN_ABOUT_RETURN_TYPE = YES_ERROR;
				GCC_WARN_UNDECLARED_SELECTOR = YES;
				GCC_WARN_UNINITIALIZED_AUTOS = YES_AGGRESSIVE;
				GCC_WARN_UNUSED_FUNCTION = YES;
				GCC_WARN_UNUSED_VARIABLE = YES;
				IPHONEOS_DEPLOYMENT_TARGET = 13.1;
				MTL_ENABLE_DEBUG_INFO = NO;
				MTL_FAST_MATH = YES;
				SDKROOT = iphoneos;
				SWIFT_COMPILATION_MODE = wholemodule;
				SWIFT_OPTIMIZATION_LEVEL = "-O";
				VALIDATE_PRODUCT = YES;
			};
			name = Release;
		};
		304973902524556E0050EF27 /* Debug */ = {
			isa = XCBuildConfiguration;
			baseConfigurationReference = CE6982EADE56D65100BEE98D /* Pods-Music App.debug.xcconfig */;
			buildSettings = {
				ASSETCATALOG_COMPILER_APPICON_NAME = AppIcon;
				CODE_SIGN_STYLE = Automatic;
				DEVELOPMENT_ASSET_PATHS = "\"Music App/Preview Content\"";
				DEVELOPMENT_TEAM = 7U96BNS46B;
				ENABLE_PREVIEWS = YES;
				INFOPLIST_FILE = "Music App/Info.plist";
				LD_RUNPATH_SEARCH_PATHS = (
					"$(inherited)",
					"@executable_path/Frameworks",
				);
				PRODUCT_BUNDLE_IDENTIFIER = "com.imadeitmyself.Music-App";
				PRODUCT_NAME = "$(TARGET_NAME)";
				SWIFT_VERSION = 5.0;
				TARGETED_DEVICE_FAMILY = "1,2";
			};
			name = Debug;
		};
		304973912524556E0050EF27 /* Release */ = {
			isa = XCBuildConfiguration;
			baseConfigurationReference = 2ACF63B9BFF1F56D310F0A08 /* Pods-Music App.release.xcconfig */;
			buildSettings = {
				ASSETCATALOG_COMPILER_APPICON_NAME = AppIcon;
				CODE_SIGN_STYLE = Automatic;
				DEVELOPMENT_ASSET_PATHS = "\"Music App/Preview Content\"";
				DEVELOPMENT_TEAM = 7U96BNS46B;
				ENABLE_PREVIEWS = YES;
				INFOPLIST_FILE = "Music App/Info.plist";
				LD_RUNPATH_SEARCH_PATHS = (
					"$(inherited)",
					"@executable_path/Frameworks",
				);
				PRODUCT_BUNDLE_IDENTIFIER = "com.imadeitmyself.Music-App";
				PRODUCT_NAME = "$(TARGET_NAME)";
				SWIFT_VERSION = 5.0;
				TARGETED_DEVICE_FAMILY = "1,2";
			};
			name = Release;
		};
/* End XCBuildConfiguration section */

/* Begin XCConfigurationList section */
		304973762524556B0050EF27 /* Build configuration list for PBXProject "Music App" */ = {
			isa = XCConfigurationList;
			buildConfigurations = (
				3049738D2524556E0050EF27 /* Debug */,
				3049738E2524556E0050EF27 /* Release */,
			);
			defaultConfigurationIsVisible = 0;
			defaultConfigurationName = Release;
		};
		3049738F2524556E0050EF27 /* Build configuration list for PBXNativeTarget "Music App" */ = {
			isa = XCConfigurationList;
			buildConfigurations = (
				304973902524556E0050EF27 /* Debug */,
				304973912524556E0050EF27 /* Release */,
			);
			defaultConfigurationIsVisible = 0;
			defaultConfigurationName = Release;
		};
/* End XCConfigurationList section */
	};
	rootObject = 304973732524556B0050EF27 /* Project object */;
}
